
Microsoft Visual Studio Solution File, Format Version 12.00
# Visual Studio 2013
VisualStudioVersion = 12.0.40629.0
MinimumVisualStudioVersion = 10.0.40219.1
Project("{FAE04EC0-301F-11D3-BF4B-00C04F79EFBC}") = "BalloonsPopGame", "BalloonsPopGame.csproj", "{3B262708-74F1-4794-8F0C-C96EB718A8A2}"
EndProject
Project("{FAE04EC0-301F-11D3-BF4B-00C04F79EFBC}") = "BaloonsPopGame.Test", "..\tests\BaloonsPopGame.Test.csproj", "{22BB1FAF-49D7-4AE0-A529-BB90B78CED60}"
EndProject
Project("{FAE04EC0-301F-11D3-BF4B-00C04F79EFBC}") = "BALLONI_Before", "..\before\BALLONI_Before.csproj", "{6D819BF0-038C-4646-9096-8E808289FB92}"
EndProject
Global
	GlobalSection(SolutionConfigurationPlatforms) = preSolution
		Debug|Any CPU = Debug|Any CPU
		Debug|Mixed Platforms = Debug|Mixed Platforms
		Debug|x86 = Debug|x86
		Release|Any CPU = Release|Any CPU
		Release|Mixed Platforms = Release|Mixed Platforms
		Release|x86 = Release|x86
	EndGlobalSection
	GlobalSection(ProjectConfigurationPlatforms) = postSolution
		{3B262708-74F1-4794-8F0C-C96EB718A8A2}.Debug|Any CPU.ActiveCfg = Debug|x86
		{3B262708-74F1-4794-8F0C-C96EB718A8A2}.Debug|Mixed Platforms.ActiveCfg = Debug|x86
		{3B262708-74F1-4794-8F0C-C96EB718A8A2}.Debug|Mixed Platforms.Build.0 = Debug|x86
		{3B262708-74F1-4794-8F0C-C96EB718A8A2}.Debug|x86.ActiveCfg = Debug|x86
		{3B262708-74F1-4794-8F0C-C96EB718A8A2}.Debug|x86.Build.0 = Debug|x86
		{3B262708-74F1-4794-8F0C-C96EB718A8A2}.Release|Any CPU.ActiveCfg = Release|x86
		{3B262708-74F1-4794-8F0C-C96EB718A8A2}.Release|Mixed Platforms.ActiveCfg = Release|x86
		{3B262708-74F1-4794-8F0C-C96EB718A8A2}.Release|Mixed Platforms.Build.0 = Release|x86
		{3B262708-74F1-4794-8F0C-C96EB718A8A2}.Release|x86.ActiveCfg = Release|x86
		{3B262708-74F1-4794-8F0C-C96EB718A8A2}.Release|x86.Build.0 = Release|x86
		{22BB1FAF-49D7-4AE0-A529-BB90B78CED60}.Debug|Any CPU.ActiveCfg = Debug|Any CPU
		{22BB1FAF-49D7-4AE0-A529-BB90B78CED60}.Debug|Any CPU.Build.0 = Debug|Any CPU
		{22BB1FAF-49D7-4AE0-A529-BB90B78CED60}.Debug|Mixed Platforms.ActiveCfg = Debug|Any CPU
		{22BB1FAF-49D7-4AE0-A529-BB90B78CED60}.Debug|Mixed Platforms.Build.0 = Debug|Any CPU
		{22BB1FAF-49D7-4AE0-A529-BB90B78CED60}.Debug|x86.ActiveCfg = Debug|Any CPU
		{22BB1FAF-49D7-4AE0-A529-BB90B78CED60}.Release|Any CPU.ActiveCfg = Release|Any CPU
		{22BB1FAF-49D7-4AE0-A529-BB90B78CED60}.Release|Any CPU.Build.0 = Release|Any CPU
		{22BB1FAF-49D7-4AE0-A529-BB90B78CED60}.Release|Mixed Platforms.ActiveCfg = Release|Any CPU
		{22BB1FAF-49D7-4AE0-A529-BB90B78CED60}.Release|Mixed Platforms.Build.0 = Release|Any CPU
		{22BB1FAF-49D7-4AE0-A529-BB90B78CED60}.Release|x86.ActiveCfg = Release|Any CPU
		{6D819BF0-038C-4646-9096-8E808289FB92}.Debug|Any CPU.ActiveCfg = Debug|x86
		{6D819BF0-038C-4646-9096-8E808289FB92}.Debug|Mixed Platforms.ActiveCfg = Debug|x86
		{6D819BF0-038C-4646-9096-8E808289FB92}.Debug|Mixed Platforms.Build.0 = Debug|x86
		{6D819BF0-038C-4646-9096-8E808289FB92}.Debug|x86.ActiveCfg = Debug|x86
		{6D819BF0-038C-4646-9096-8E808289FB92}.Debug|x86.Build.0 = Debug|x86
		{6D819BF0-038C-4646-9096-8E808289FB92}.Release|Any CPU.ActiveCfg = Release|x86
		{6D819BF0-038C-4646-9096-8E808289FB92}.Release|Mixed Platforms.ActiveCfg = Release|x86
		{6D819BF0-038C-4646-9096-8E808289FB92}.Release|Mixed Platforms.Build.0 = Release|x86
		{6D819BF0-038C-4646-9096-8E808289FB92}.Release|x86.ActiveCfg = Release|x86
		{6D819BF0-038C-4646-9096-8E808289FB92}.Release|x86.Build.0 = Release|x86
	EndGlobalSection
	GlobalSection(SolutionProperties) = preSolution
		HideSolutionNode = FALSE
	EndGlobalSection
EndGlobal
